
Microsoft Visual Studio Solution File, Format Version 12.00
# Visual Studio 2013
VisualStudioVersion = 12.0.30110.0
MinimumVisualStudioVersion = 10.0.40219.1
Project("{FAE04EC0-301F-11D3-BF4B-00C04F79EFBC}") = "Ref12", "Ref12\Ref12.csproj", "{0E2EB598-A14C-4A30-806F-CEB328654F37}"
EndProject
Project("{FAE04EC0-301F-11D3-BF4B-00C04F79EFBC}") = "Ref12.Tests", "Ref12.Tests\Ref12.Tests.csproj", "{A8DC1C83-EEB8-4675-BE33-E1ED1F0F3405}"
EndProject
Project("{2150E333-8FDC-42A3-9474-1A3956D46DE8}") = "Solution Items", "Solution Items", "{2C6B46E9-35ED-4AA4-85F7-02162BEBCAA1}"
	ProjectSection(SolutionItems) = preProject
		README.md = README.md
	EndProjectSection
EndProject
Global
	GlobalSection(SolutionConfigurationPlatforms) = preSolution
		Debug|Any CPU = Debug|Any CPU
		Release|Any CPU = Release|Any CPU
	EndGlobalSection
	GlobalSection(ProjectConfigurationPlatforms) = postSolution
		{0E2EB598-A14C-4A30-806F-CEB328654F37}.Debug|Any CPU.ActiveCfg = Debug|Any CPU
		{0E2EB598-A14C-4A30-806F-CEB328654F37}.Debug|Any CPU.Build.0 = Debug|Any CPU
		{0E2EB598-A14C-4A30-806F-CEB328654F37}.Release|Any CPU.ActiveCfg = Release|Any CPU
		{0E2EB598-A14C-4A30-806F-CEB328654F37}.Release|Any CPU.Build.0 = Release|Any CPU
		{A8DC1C83-EEB8-4675-BE33-E1ED1F0F3405}.Debug|Any CPU.ActiveCfg = Debug|Any CPU
		{A8DC1C83-EEB8-4675-BE33-E1ED1F0F3405}.Debug|Any CPU.Build.0 = Debug|Any CPU
		{A8DC1C83-EEB8-4675-BE33-E1ED1F0F3405}.Release|Any CPU.ActiveCfg = Release|Any CPU
		{A8DC1C83-EEB8-4675-BE33-E1ED1F0F3405}.Release|Any CPU.Build.0 = Release|Any CPU
	EndGlobalSection
	GlobalSection(SolutionProperties) = preSolution
		HideSolutionNode = FALSE
	EndGlobalSection
EndGlobal
